// !$*UTF8*$!
{
	archiveVersion = 1;
	classes = {
	};
	objectVersion = 77;
	objects = {

/* Begin PBXFileReference section */
		E0AC406D30459F2400466266 /* main.cpp */ = {isa = PBXFileReference; lastKnownFileType = sourcecode.cpp.cpp; path = main.cpp; sourceTree = "<group>"; };
		E0AC406E30459F4300466266 /* intro.cpp */ = {isa = PBXFileReference; lastKnownFileType = sourcecode.cpp.cpp; path = intro.cpp; sourceTree = "<group>"; };
		E0AC407030459F5500466266 /* kalkulasi.cpp */ = {isa = PBXFileReference; lastKnownFileType = sourcecode.cpp.cpp; path = kalkulasi.cpp; sourceTree = "<group>"; };
/* End PBXFileReference section */

/* Begin PBXGroup section */
		E0AC406330459DDD00466266 = {
			isa = PBXGroup;
			children = (
				E0AC406D30459F2400466266 /* main.cpp */,
				E0AC406E30459F4300466266 /* intro.cpp */,
				E0AC407030459F5500466266 /* kalkulasi.cpp */,
			);
			sourceTree = "<group>";
		};
/* End PBXGroup section */

/* Begin PBXProject section */
		E0AC406430459DDD00466266 /* Project object */ = {
			isa = PBXProject;
			attributes = {
				BuildIndependentTargetsInParallel = 1;
				LastUpgradeCheck = 2650;
			};
			buildConfigurationList = E0AC406730459DDD00466266 /* Build configuration list for PBXProject "dasarPemrograman_CPP" */;
			developmentRegion = en;
			hasScannedForEncodings = 0;
			knownRegions = (
				en,
				Base,
			);
			mainGroup = E0AC406330459DDD00466266;
			minimizedProjectReferenceProxies = 1;
			preferredProjectObjectVersion = 77;
			projectDirPath = "";
			projectRoot = "";
			targets = (
			);
		};
/* End PBXProject section */

/* Begin XCBuildConfiguration section */
		E0AC406830459DDD00466266 /* Debug */ = {
			isa = XCBuildConfiguration;
			buildSettings = {
				DEVELOPMENT_TEAM = 57H4M4568N;
			};
			name = Debug;
		};
		E0AC406930459DDD00466266 /* Release */ = {
			isa = XCBuildConfiguration;
			buildSettings = {
				DEVELOPMENT_TEAM = 57H4M4568N;
			};
			name = Release;
		};
/* End XCBuildConfiguration section */

/* Begin XCConfigurationList section */
		E0AC406730459DDD00466266 /* Build configuration list for PBXProject "dasarPemrograman_CPP" */ = {
			isa = XCConfigurationList;
			buildConfigurations = (
				E0AC406830459DDD00466266 /* Debug */,
				E0AC406930459DDD00466266 /* Release */,
			);
			defaultConfigurationIsVisible = 0;
			defaultConfigurationName = Release;
		};
/* End XCConfigurationList section */
	};
	rootObject = E0AC406430459DDD00466266 /* Project object */;
}
